
Microsoft Visual Studio Solution File, Format Version 12.00
# Visual Studio Version 17
VisualStudioVersion = 17.8.34330.188
MinimumVisualStudioVersion = 10.0.40219.1
Project("{FAE04EC0-301F-11D3-BF4B-00C04F79EFBC}") = "LINQ_Mateo_Makovac_", "LINQ_Mateo_Makovac_\LINQ_Mateo_Makovac_.csproj", "{36D8B4C3-12B1-4DD0-A5D2-B3CEEAD4F15A}"
EndProject
Global
	GlobalSection(SolutionConfigurationPlatforms) = preSolution
		Debug|Any CPU = Debug|Any CPU
		Release|Any CPU = Release|Any CPU
	EndGlobalSection
	GlobalSection(ProjectConfigurationPlatforms) = postSolution
		{36D8B4C3-12B1-4DD0-A5D2-B3CEEAD4F15A}.Debug|Any CPU.ActiveCfg = Debug|Any CPU
		{36D8B4C3-12B1-4DD0-A5D2-B3CEEAD4F15A}.Debug|Any CPU.Build.0 = Debug|Any CPU
		{36D8B4C3-12B1-4DD0-A5D2-B3CEEAD4F15A}.Release|Any CPU.ActiveCfg = Release|Any CPU
		{36D8B4C3-12B1-4DD0-A5D2-B3CEEAD4F15A}.Release|Any CPU.Build.0 = Release|Any CPU
	EndGlobalSection
	GlobalSection(SolutionProperties) = preSolution
		HideSolutionNode = FALSE
	EndGlobalSection
	GlobalSection(ExtensibilityGlobals) = postSolution
		SolutionGuid = {38F87D9F-EA86-436E-A101-30CCE2572354}
	EndGlobalSection
EndGlobal
