
Microsoft Visual Studio Solution File, Format Version 12.00
# Visual Studio Version 17
VisualStudioVersion = 17.8.34408.163
MinimumVisualStudioVersion = 10.0.40219.1
Project("{FAE04EC0-301F-11D3-BF4B-00C04F79EFBC}") = "Vozila", "Vozila\Vozila.csproj", "{6A56D933-44F1-4A31-BEFE-D18D11C6FFF4}"
EndProject
Global
	GlobalSection(SolutionConfigurationPlatforms) = preSolution
		Debug|Any CPU = Debug|Any CPU
		Release|Any CPU = Release|Any CPU
	EndGlobalSection
	GlobalSection(ProjectConfigurationPlatforms) = postSolution
		{6A56D933-44F1-4A31-BEFE-D18D11C6FFF4}.Debug|Any CPU.ActiveCfg = Debug|Any CPU
		{6A56D933-44F1-4A31-BEFE-D18D11C6FFF4}.Debug|Any CPU.Build.0 = Debug|Any CPU
		{6A56D933-44F1-4A31-BEFE-D18D11C6FFF4}.Release|Any CPU.ActiveCfg = Release|Any CPU
		{6A56D933-44F1-4A31-BEFE-D18D11C6FFF4}.Release|Any CPU.Build.0 = Release|Any CPU
	EndGlobalSection
	GlobalSection(SolutionProperties) = preSolution
		HideSolutionNode = FALSE
	EndGlobalSection
	GlobalSection(ExtensibilityGlobals) = postSolution
		SolutionGuid = {6EF3E27D-91AA-46F8-8178-B445F3A56E40}
	EndGlobalSection
EndGlobal
