
Microsoft Visual Studio Solution File, Format Version 12.00
# Visual Studio Version 17
VisualStudioVersion = 17.8.34330.188
MinimumVisualStudioVersion = 10.0.40219.1
Project("{FAE04EC0-301F-11D3-BF4B-00C04F79EFBC}") = "Kecazaispravit3", "Kecazaispravit3\Kecazaispravit3.csproj", "{7DB2A69F-5431-4EC0-8F82-59BF690C7DBD}"
EndProject
Global
	GlobalSection(SolutionConfigurationPlatforms) = preSolution
		Debug|Any CPU = Debug|Any CPU
		Release|Any CPU = Release|Any CPU
	EndGlobalSection
	GlobalSection(ProjectConfigurationPlatforms) = postSolution
		{7DB2A69F-5431-4EC0-8F82-59BF690C7DBD}.Debug|Any CPU.ActiveCfg = Debug|Any CPU
		{7DB2A69F-5431-4EC0-8F82-59BF690C7DBD}.Debug|Any CPU.Build.0 = Debug|Any CPU
		{7DB2A69F-5431-4EC0-8F82-59BF690C7DBD}.Release|Any CPU.ActiveCfg = Release|Any CPU
		{7DB2A69F-5431-4EC0-8F82-59BF690C7DBD}.Release|Any CPU.Build.0 = Release|Any CPU
	EndGlobalSection
	GlobalSection(SolutionProperties) = preSolution
		HideSolutionNode = FALSE
	EndGlobalSection
	GlobalSection(ExtensibilityGlobals) = postSolution
		SolutionGuid = {EF310F49-8E3F-429E-B888-4640D36FA9A9}
	EndGlobalSection
EndGlobal
